
Microsoft Visual Studio Solution File, Format Version 12.00
# Visual Studio 15
VisualStudioVersion = 15.0.27703.2042
MinimumVisualStudioVersion = 10.0.40219.1
Project("{FAE04EC0-301F-11D3-BF4B-00C04F79EFBC}") = "WPF_UI", "LieDetector\WPF_UI.csproj", "{91371AA8-EE7A-472E-A327-884792295BA3}"
EndProject
Project("{FAE04EC0-301F-11D3-BF4B-00C04F79EFBC}") = "BLL", "BLL\BLL.csproj", "{E5AF45B5-6EB1-4E04-BE56-9882DBAD001A}"
EndProject
Project("{FAE04EC0-301F-11D3-BF4B-00C04F79EFBC}") = "ConsoleUI", "ConsoleUI\ConsoleUI.csproj", "{AC8D6125-C115-400D-B946-29109712B676}"
EndProject
Project("{2150E333-8FDC-42A3-9474-1A3956D46DE8}") = "Solution Items", "Solution Items", "{EA70F496-E8A2-4CE8-AFE1-0E0B7B311DD6}"
	ProjectSection(SolutionItems) = preProject
		Graph1.dgml = Graph1.dgml
	EndProjectSection
EndProject
Global
	GlobalSection(SolutionConfigurationPlatforms) = preSolution
		Debug|Any CPU = Debug|Any CPU
		Release|Any CPU = Release|Any CPU
	EndGlobalSection
	GlobalSection(ProjectConfigurationPlatforms) = postSolution
		{91371AA8-EE7A-472E-A327-884792295BA3}.Debug|Any CPU.ActiveCfg = Debug|Any CPU
		{91371AA8-EE7A-472E-A327-884792295BA3}.Debug|Any CPU.Build.0 = Debug|Any CPU
		{91371AA8-EE7A-472E-A327-884792295BA3}.Release|Any CPU.ActiveCfg = Release|Any CPU
		{91371AA8-EE7A-472E-A327-884792295BA3}.Release|Any CPU.Build.0 = Release|Any CPU
		{E5AF45B5-6EB1-4E04-BE56-9882DBAD001A}.Debug|Any CPU.ActiveCfg = Debug|Any CPU
		{E5AF45B5-6EB1-4E04-BE56-9882DBAD001A}.Debug|Any CPU.Build.0 = Debug|Any CPU
		{E5AF45B5-6EB1-4E04-BE56-9882DBAD001A}.Release|Any CPU.ActiveCfg = Release|Any CPU
		{E5AF45B5-6EB1-4E04-BE56-9882DBAD001A}.Release|Any CPU.Build.0 = Release|Any CPU
		{AC8D6125-C115-400D-B946-29109712B676}.Debug|Any CPU.ActiveCfg = Debug|Any CPU
		{AC8D6125-C115-400D-B946-29109712B676}.Debug|Any CPU.Build.0 = Debug|Any CPU
		{AC8D6125-C115-400D-B946-29109712B676}.Release|Any CPU.ActiveCfg = Release|Any CPU
		{AC8D6125-C115-400D-B946-29109712B676}.Release|Any CPU.Build.0 = Release|Any CPU
	EndGlobalSection
	GlobalSection(SolutionProperties) = preSolution
		HideSolutionNode = FALSE
	EndGlobalSection
	GlobalSection(ExtensibilityGlobals) = postSolution
		SolutionGuid = {CB3842D8-E513-4B02-8245-CEFC39F74DFB}
	EndGlobalSection
EndGlobal
